
Microsoft Visual Studio Solution File, Format Version 12.00
# Visual Studio Version 17
VisualStudioVersion = 17.9.34310.174
MinimumVisualStudioVersion = 10.0.40219.1
Project("{FAE04EC0-301F-11D3-BF4B-00C04F79EFBC}") = "FloatScheduleLoader", "FloatScheduleLoader.csproj", "{C9154BDF-5EDA-45A0-9B29-A24745B62E8F}"
EndProject
Global
	GlobalSection(SolutionConfigurationPlatforms) = preSolution
		Debug|Any CPU = Debug|Any CPU
		Release|Any CPU = Release|Any CPU
	EndGlobalSection
	GlobalSection(ProjectConfigurationPlatforms) = postSolution
		{C9154BDF-5EDA-45A0-9B29-A24745B62E8F}.Debug|Any CPU.ActiveCfg = Debug|Any CPU
		{C9154BDF-5EDA-45A0-9B29-A24745B62E8F}.Debug|Any CPU.Build.0 = Debug|Any CPU
		{C9154BDF-5EDA-45A0-9B29-A24745B62E8F}.Release|Any CPU.ActiveCfg = Release|Any CPU
		{C9154BDF-5EDA-45A0-9B29-A24745B62E8F}.Release|Any CPU.Build.0 = Release|Any CPU
	EndGlobalSection
	GlobalSection(SolutionProperties) = preSolution
		HideSolutionNode = FALSE
	EndGlobalSection
	GlobalSection(ExtensibilityGlobals) = postSolution
		SolutionGuid = {FC5835CD-2A33-4F01-A3C3-35AD0F49B5B1}
	EndGlobalSection
EndGlobal
